
Microsoft Visual Studio Solution File, Format Version 12.00
# Visual Studio Version 17
VisualStudioVersion = 17.14.36221.1 d17.14
MinimumVisualStudioVersion = 10.0.40219.1
Project("{FAE04EC0-301F-11D3-BF4B-00C04F79EFBC}") = "TestTask", "TestTask\TestTask.csproj", "{EE2A1D65-A224-4258-89F3-8E823B0DCA79}"
EndProject
Global
	GlobalSection(SolutionConfigurationPlatforms) = preSolution
		Debug|Any CPU = Debug|Any CPU
		Release|Any CPU = Release|Any CPU
	EndGlobalSection
	GlobalSection(ProjectConfigurationPlatforms) = postSolution
		{EE2A1D65-A224-4258-89F3-8E823B0DCA79}.Debug|Any CPU.ActiveCfg = Debug|Any CPU
		{EE2A1D65-A224-4258-89F3-8E823B0DCA79}.Debug|Any CPU.Build.0 = Debug|Any CPU
		{EE2A1D65-A224-4258-89F3-8E823B0DCA79}.Release|Any CPU.ActiveCfg = Release|Any CPU
		{EE2A1D65-A224-4258-89F3-8E823B0DCA79}.Release|Any CPU.Build.0 = Release|Any CPU
	EndGlobalSection
	GlobalSection(SolutionProperties) = preSolution
		HideSolutionNode = FALSE
	EndGlobalSection
	GlobalSection(ExtensibilityGlobals) = postSolution
		SolutionGuid = {B4D766E1-62B8-4B5A-96D5-19F02E6BD810}
	EndGlobalSection
EndGlobal
